{
    "_readme": [
        "This file locks the dependencies of your project to a known state",
        "Read more about it at https://getcomposer.org/doc/01-basic-usage.md#installing-dependencies",
        "This file is @generated automatically"
    ],
    "content-hash": "c32cd75d82d9bef0ed794b5662d571aa",
    "packages": [
        {
            "name": "kentico/kontent-delivery-sdk-php",
            "version": "3.0.1",
            "source": {
                "type": "git",
                "url": "https://github.com/Kentico/kontent-delivery-sdk-php.git",
                "reference": "93c995018b7eab5c9be64dbf129a11bd196f7433"
            },
            "dist": {
                "type": "zip",
                "url": "https://api.github.com/repos/Kentico/kontent-delivery-sdk-php/zipball/93c995018b7eab5c9be64dbf129a11bd196f7433",
                "reference": "93c995018b7eab5c9be64dbf129a11bd196f7433",
                "shasum": ""
            },
            "require": {
                "kub-at/php-simple-html-dom-parser": "^1.9",
                "nategood/httpful": "^0.2.20",
                "php": "^7.0"
            },
            "require-dev": {
                "codeclimate/php-test-reporter": "dev-master",
                "phpdocumentor/phpdocumentor": "2.*",
                "phpunit/phpunit": "^6.4"
            },
            "type": "library",
            "autoload": {
                "psr-4": {
                    "Kentico\\Kontent\\": "src/Kentico/Kontent"
                }
            },
            "notification-url": "https://packagist.org/downloads/",
            "license": [
                "MIT"
            ],
            "authors": [
                {
                    "name": "Kentico",
                    "email": "devrel@kentico.com"
                },
                {
                    "name": "Stephen Rushing",
                    "email": "stephen.rushing@esiteful.com"
                }
            ],
            "description": "Kentico Kontent Delivery SDK for PHP",
            "homepage": "https://kontent.ai/",
            "keywords": [
                "cms",
                "content-delivery",
                "delivery",
                "headless",
                "headless-cms",
                "kentico",
                "kentico-kontent"
            ],
            "time": "2020-01-14T15:45:15+00:00"
        },
        {
            "name": "kub-at/php-simple-html-dom-parser",
            "version": "1.9.1",
            "source": {
                "type": "git",
                "url": "https://github.com/Kub-AT/php-simple-html-dom-parser.git",
                "reference": "ff22f98bfd9235115c128059076f3eb740d66913"
            },
            "dist": {
                "type": "zip",
                "url": "https://api.github.com/repos/Kub-AT/php-simple-html-dom-parser/zipball/ff22f98bfd9235115c128059076f3eb740d66913",
                "reference": "ff22f98bfd9235115c128059076f3eb740d66913",
                "shasum": ""
            },
            "require": {
                "php": ">=5.3.2"
            },
            "type": "library",
            "autoload": {
                "psr-0": {
                    "KubAT\\PhpSimple\\HtmlDomParser": "src/"
                }
            },
            "notification-url": "https://packagist.org/downloads/",
            "license": [
                "MIT"
            ],
            "authors": [
                {
                    "name": "S.C. Chen",
                    "email": "me578022@gmail.com"
                },
                {
                    "name": "Jakub Stawowy",
                    "email": "Kub-AT@users.noreply.github.com"
                }
            ],
            "description": "PHP Simple HTML DOM Parser with namespace and PHP 7.3 compatible",
            "homepage": "http://simplehtmldom.sourceforge.net/",
            "keywords": [
                "Simple",
                "dom",
                "html"
            ],
            "time": "2019-10-25T12:34:43+00:00"
        },
        {
            "name": "nategood/httpful",
            "version": "0.2.20",
            "source": {
                "type": "git",
                "url": "https://github.com/nategood/httpful.git",
                "reference": "c1cd4d46a4b281229032cf39d4dd852f9887c0f6"
            },
            "dist": {
                "type": "zip",
                "url": "https://api.github.com/repos/nategood/httpful/zipball/c1cd4d46a4b281229032cf39d4dd852f9887c0f6",
                "reference": "c1cd4d46a4b281229032cf39d4dd852f9887c0f6",
                "shasum": ""
            },
            "require": {
                "ext-curl": "*",
                "php": ">=5.3"
            },
            "require-dev": {
                "phpunit/phpunit": "*"
            },
            "type": "library",
            "autoload": {
                "psr-0": {
                    "Httpful": "src/"
                }
            },
            "notification-url": "https://packagist.org/downloads/",
            "license": [
                "MIT"
            ],
            "authors": [
                {
                    "name": "Nate Good",
                    "email": "me@nategood.com",
                    "homepage": "http://nategood.com"
                }
            ],
            "description": "A Readable, Chainable, REST friendly, PHP HTTP Client",
            "homepage": "http://github.com/nategood/httpful",
            "keywords": [
                "api",
                "curl",
                "http",
                "requests",
                "rest",
                "restful"
            ],
            "time": "2015-10-26T16:11:30+00:00"
        }
    ],
    "packages-dev": [],
    "aliases": [],
    "minimum-stability": "stable",
    "stability-flags": [],
    "prefer-stable": false,
    "prefer-lowest": false,
    "platform": {
        "php": "^7.0"
    },
    "platform-dev": [],
    "plugin-api-version": "1.1.0"
}
